{
  "version": 4,
  "terraform_version": "1.4.2",
  "serial": 7,
  "lineage": "ef1107f5-b720-3399-61a2-982d475f2a54",
  "outputs": {},
  "resources": [
    {
      "mode": "managed",
      "type": "github_repository",
      "name": "example",
      "provider": "provider[\"registry.terraform.io/integrations/github\"]",
      "instances": [
        {
          "schema_version": 1,
          "attributes": {
            "allow_auto_merge": false,
            "allow_merge_commit": true,
            "allow_rebase_merge": true,
            "allow_squash_merge": true,
            "allow_update_branch": false,
            "archive_on_destroy": null,
            "archived": false,
            "auto_init": null,
            "default_branch": "main",
            "delete_branch_on_merge": false,
            "description": "my ssvkart prod repo",
            "etag": "W/\"581a5e83b3877cde5d9c57826f8a8ea9ec808ec45b109df4828de8e0ecacc978\"",
            "full_name": "ssvkart5/ssvkart-prod-repo",
            "git_clone_url": "git://github.com/ssvkart5/ssvkart-prod-repo.git",
            "gitignore_template": null,
            "has_discussions": false,
            "has_downloads": false,
            "has_issues": false,
            "has_projects": false,
            "has_wiki": false,
            "homepage_url": "",
            "html_url": "https://github.com/ssvkart5/ssvkart-prod-repo",
            "http_clone_url": "https://github.com/ssvkart5/ssvkart-prod-repo.git",
            "id": "ssvkart-prod-repo",
            "ignore_vulnerability_alerts_during_read": null,
            "is_template": false,
            "license_template": null,
            "merge_commit_message": "PR_TITLE",
            "merge_commit_title": "MERGE_MESSAGE",
            "name": "ssvkart-prod-repo",
            "node_id": "R_kgDOJLF3Xw",
            "pages": [],
            "private": false,
            "repo_id": 615610207,
            "security_and_analysis": [
              {
                "advanced_security": [],
                "secret_scanning": [
                  {
                    "status": "disabled"
                  }
                ],
                "secret_scanning_push_protection": [
                  {
                    "status": "disabled"
                  }
                ]
              }
            ],
            "squash_merge_commit_message": "COMMIT_MESSAGES",
            "squash_merge_commit_title": "COMMIT_OR_PR_TITLE",
            "ssh_clone_url": "git@github.com:ssvkart5/ssvkart-prod-repo.git",
            "svn_url": "https://github.com/ssvkart5/ssvkart-prod-repo",
            "template": [],
            "topics": null,
            "visibility": "public",
            "vulnerability_alerts": false
          },
          "sensitive_attributes": [],
          "private": "eyJzY2hlbWFfdmVyc2lvbiI6IjEifQ=="
        }
      ]
    }
  ],
  "check_results": null
}
